
Microsoft Visual Studio Solution File, Format Version 12.00
# Visual Studio Version 16
VisualStudioVersion = 16.0.28922.388
MinimumVisualStudioVersion = 10.0.40219.1
Project("{FAE04EC0-301F-11D3-BF4B-00C04F79EFBC}") = "Calculator", "Calculator\Calculator.csproj", "{C9E91615-4840-4D91-AA68-2D02C9F0441E}"
EndProject
Project("{FAE04EC0-301F-11D3-BF4B-00C04F79EFBC}") = "Tests", "Tests\Tests.csproj", "{59AB405F-AC05-49C5-982E-057B5F3D4063}"
EndProject
Global
	GlobalSection(SolutionConfigurationPlatforms) = preSolution
		Debug|Any CPU = Debug|Any CPU
		Release|Any CPU = Release|Any CPU
	EndGlobalSection
	GlobalSection(ProjectConfigurationPlatforms) = postSolution
		{C9E91615-4840-4D91-AA68-2D02C9F0441E}.Debug|Any CPU.ActiveCfg = Debug|Any CPU
		{C9E91615-4840-4D91-AA68-2D02C9F0441E}.Debug|Any CPU.Build.0 = Debug|Any CPU
		{C9E91615-4840-4D91-AA68-2D02C9F0441E}.Release|Any CPU.ActiveCfg = Release|Any CPU
		{C9E91615-4840-4D91-AA68-2D02C9F0441E}.Release|Any CPU.Build.0 = Release|Any CPU
		{59AB405F-AC05-49C5-982E-057B5F3D4063}.Debug|Any CPU.ActiveCfg = Debug|Any CPU
		{59AB405F-AC05-49C5-982E-057B5F3D4063}.Debug|Any CPU.Build.0 = Debug|Any CPU
		{59AB405F-AC05-49C5-982E-057B5F3D4063}.Release|Any CPU.ActiveCfg = Release|Any CPU
		{59AB405F-AC05-49C5-982E-057B5F3D4063}.Release|Any CPU.Build.0 = Release|Any CPU
	EndGlobalSection
	GlobalSection(SolutionProperties) = preSolution
		HideSolutionNode = FALSE
	EndGlobalSection
	GlobalSection(ExtensibilityGlobals) = postSolution
		SolutionGuid = {83D8D3CA-2254-44E8-BF13-BBC21D672673}
	EndGlobalSection
EndGlobal
